
Microsoft Visual Studio Solution File, Format Version 12.00
# Visual Studio Version 17
VisualStudioVersion = 17.4.33205.214
MinimumVisualStudioVersion = 10.0.40219.1
Project("{FAE04EC0-301F-11D3-BF4B-00C04F79EFBC}") = "Ders.4.1", "Ders.4.1\Ders.4.1.csproj", "{50DDD86E-CA11-406A-BFC9-A12951D48C9A}"
EndProject
Global
	GlobalSection(SolutionConfigurationPlatforms) = preSolution
		Debug|Any CPU = Debug|Any CPU
		Release|Any CPU = Release|Any CPU
	EndGlobalSection
	GlobalSection(ProjectConfigurationPlatforms) = postSolution
		{50DDD86E-CA11-406A-BFC9-A12951D48C9A}.Debug|Any CPU.ActiveCfg = Debug|Any CPU
		{50DDD86E-CA11-406A-BFC9-A12951D48C9A}.Debug|Any CPU.Build.0 = Debug|Any CPU
		{50DDD86E-CA11-406A-BFC9-A12951D48C9A}.Release|Any CPU.ActiveCfg = Release|Any CPU
		{50DDD86E-CA11-406A-BFC9-A12951D48C9A}.Release|Any CPU.Build.0 = Release|Any CPU
	EndGlobalSection
	GlobalSection(SolutionProperties) = preSolution
		HideSolutionNode = FALSE
	EndGlobalSection
	GlobalSection(ExtensibilityGlobals) = postSolution
		SolutionGuid = {2569A0ED-72CA-4554-8532-14CEBA459451}
	EndGlobalSection
EndGlobal
